
Microsoft Visual Studio Solution File, Format Version 12.00
# Visual Studio Version 16
VisualStudioVersion = 16.0.30711.63
MinimumVisualStudioVersion = 10.0.40219.1
Project("{8BC9CEB8-8B4A-11D0-8D11-00A0C91BC942}") = "RED4ext.Loader", "RED4ext.Loader.vcxproj", "{8AD0B251-769E-A657-5F32-177E4B9F82BC}"
	ProjectSection(ProjectDependencies) = postProject
		{AFBD5427-1B73-CD1C-A467-C7F3101CC420} = {AFBD5427-1B73-CD1C-A467-C7F3101CC420}
	EndProjectSection
EndProject
Project("{2150E333-8FDC-42A3-9474-1A3956D46DE8}") = "Dependencies", "Dependencies", "{53E47842-3FC8-3998-A828-34EB942B241A}"
EndProject
Project("{8BC9CEB8-8B4A-11D0-8D11-00A0C91BC942}") = "RenHook", "RenHook.vcxproj", "{5B04709F-C7E3-EE3A-D0FB-79113C5A559C}"
EndProject
Project("{8BC9CEB8-8B4A-11D0-8D11-00A0C91BC942}") = "Zycore", "Zycore.vcxproj", "{211395E2-0DB5-BFB8-F66F-D30CE2B04609}"
EndProject
Project("{8BC9CEB8-8B4A-11D0-8D11-00A0C91BC942}") = "Zydis", "Zydis.vcxproj", "{B8AE9F0E-24C3-C7BF-ED44-6B1F5918C4F0}"
EndProject
Project("{8BC9CEB8-8B4A-11D0-8D11-00A0C91BC942}") = "spdlog", "spdlog.vcxproj", "{8EAD431C-7A4F-6EF2-630A-82464F4BF542}"
EndProject
Project("{8BC9CEB8-8B4A-11D0-8D11-00A0C91BC942}") = "RED4ext.Dll", "RED4ext.Dll.vcxproj", "{AFBD5427-1B73-CD1C-A467-C7F3101CC420}"
EndProject
Project("{8BC9CEB8-8B4A-11D0-8D11-00A0C91BC942}") = "BulkCraft", "BulkCraft.vcxproj", "{FF064D5A-3F8A-4B84-88E3-F21C1FBA2618}"
	ProjectSection(ProjectDependencies) = postProject
		{B8AE9F0E-24C3-C7BF-ED44-6B1F5918C4F0} = {B8AE9F0E-24C3-C7BF-ED44-6B1F5918C4F0}
		{8EAD431C-7A4F-6EF2-630A-82464F4BF542} = {8EAD431C-7A4F-6EF2-630A-82464F4BF542}
		{8AD0B251-769E-A657-5F32-177E4B9F82BC} = {8AD0B251-769E-A657-5F32-177E4B9F82BC}
		{5B04709F-C7E3-EE3A-D0FB-79113C5A559C} = {5B04709F-C7E3-EE3A-D0FB-79113C5A559C}
		{211395E2-0DB5-BFB8-F66F-D30CE2B04609} = {211395E2-0DB5-BFB8-F66F-D30CE2B04609}
	EndProjectSection
EndProject
Global
	GlobalSection(SolutionConfigurationPlatforms) = preSolution
		Debug|x64 = Debug|x64
		Debug|x86 = Debug|x86
		Release|x64 = Release|x64
		Release|x86 = Release|x86
	EndGlobalSection
	GlobalSection(ProjectConfigurationPlatforms) = postSolution
		{8AD0B251-769E-A657-5F32-177E4B9F82BC}.Debug|x64.ActiveCfg = Debug|x64
		{8AD0B251-769E-A657-5F32-177E4B9F82BC}.Debug|x64.Build.0 = Debug|x64
		{8AD0B251-769E-A657-5F32-177E4B9F82BC}.Debug|x86.ActiveCfg = Debug|x64
		{8AD0B251-769E-A657-5F32-177E4B9F82BC}.Release|x64.ActiveCfg = Release|x64
		{8AD0B251-769E-A657-5F32-177E4B9F82BC}.Release|x64.Build.0 = Release|x64
		{8AD0B251-769E-A657-5F32-177E4B9F82BC}.Release|x86.ActiveCfg = Release|x64
		{5B04709F-C7E3-EE3A-D0FB-79113C5A559C}.Debug|x64.ActiveCfg = Debug|x64
		{5B04709F-C7E3-EE3A-D0FB-79113C5A559C}.Debug|x64.Build.0 = Debug|x64
		{5B04709F-C7E3-EE3A-D0FB-79113C5A559C}.Debug|x86.ActiveCfg = Debug|x64
		{5B04709F-C7E3-EE3A-D0FB-79113C5A559C}.Release|x64.ActiveCfg = Release|x64
		{5B04709F-C7E3-EE3A-D0FB-79113C5A559C}.Release|x64.Build.0 = Release|x64
		{5B04709F-C7E3-EE3A-D0FB-79113C5A559C}.Release|x86.ActiveCfg = Release|x64
		{211395E2-0DB5-BFB8-F66F-D30CE2B04609}.Debug|x64.ActiveCfg = Debug|x64
		{211395E2-0DB5-BFB8-F66F-D30CE2B04609}.Debug|x64.Build.0 = Debug|x64
		{211395E2-0DB5-BFB8-F66F-D30CE2B04609}.Debug|x86.ActiveCfg = Debug|x64
		{211395E2-0DB5-BFB8-F66F-D30CE2B04609}.Release|x64.ActiveCfg = Release|x64
		{211395E2-0DB5-BFB8-F66F-D30CE2B04609}.Release|x64.Build.0 = Release|x64
		{211395E2-0DB5-BFB8-F66F-D30CE2B04609}.Release|x86.ActiveCfg = Release|x64
		{B8AE9F0E-24C3-C7BF-ED44-6B1F5918C4F0}.Debug|x64.ActiveCfg = Debug|x64
		{B8AE9F0E-24C3-C7BF-ED44-6B1F5918C4F0}.Debug|x64.Build.0 = Debug|x64
		{B8AE9F0E-24C3-C7BF-ED44-6B1F5918C4F0}.Debug|x86.ActiveCfg = Debug|x64
		{B8AE9F0E-24C3-C7BF-ED44-6B1F5918C4F0}.Release|x64.ActiveCfg = Release|x64
		{B8AE9F0E-24C3-C7BF-ED44-6B1F5918C4F0}.Release|x64.Build.0 = Release|x64
		{B8AE9F0E-24C3-C7BF-ED44-6B1F5918C4F0}.Release|x86.ActiveCfg = Release|x64
		{8EAD431C-7A4F-6EF2-630A-82464F4BF542}.Debug|x64.ActiveCfg = Debug|x64
		{8EAD431C-7A4F-6EF2-630A-82464F4BF542}.Debug|x64.Build.0 = Debug|x64
		{8EAD431C-7A4F-6EF2-630A-82464F4BF542}.Debug|x86.ActiveCfg = Debug|x64
		{8EAD431C-7A4F-6EF2-630A-82464F4BF542}.Release|x64.ActiveCfg = Release|x64
		{8EAD431C-7A4F-6EF2-630A-82464F4BF542}.Release|x64.Build.0 = Release|x64
		{8EAD431C-7A4F-6EF2-630A-82464F4BF542}.Release|x86.ActiveCfg = Release|x64
		{AFBD5427-1B73-CD1C-A467-C7F3101CC420}.Debug|x64.ActiveCfg = Debug|x64
		{AFBD5427-1B73-CD1C-A467-C7F3101CC420}.Debug|x64.Build.0 = Debug|x64
		{AFBD5427-1B73-CD1C-A467-C7F3101CC420}.Debug|x86.ActiveCfg = Debug|x64
		{AFBD5427-1B73-CD1C-A467-C7F3101CC420}.Release|x64.ActiveCfg = Release|x64
		{AFBD5427-1B73-CD1C-A467-C7F3101CC420}.Release|x64.Build.0 = Release|x64
		{AFBD5427-1B73-CD1C-A467-C7F3101CC420}.Release|x86.ActiveCfg = Release|x64
		{FF064D5A-3F8A-4B84-88E3-F21C1FBA2618}.Debug|x64.ActiveCfg = Debug|x64
		{FF064D5A-3F8A-4B84-88E3-F21C1FBA2618}.Debug|x64.Build.0 = Debug|x64
		{FF064D5A-3F8A-4B84-88E3-F21C1FBA2618}.Debug|x86.ActiveCfg = Debug|Win32
		{FF064D5A-3F8A-4B84-88E3-F21C1FBA2618}.Debug|x86.Build.0 = Debug|Win32
		{FF064D5A-3F8A-4B84-88E3-F21C1FBA2618}.Release|x64.ActiveCfg = Release|x64
		{FF064D5A-3F8A-4B84-88E3-F21C1FBA2618}.Release|x64.Build.0 = Release|x64
		{FF064D5A-3F8A-4B84-88E3-F21C1FBA2618}.Release|x86.ActiveCfg = Release|Win32
		{FF064D5A-3F8A-4B84-88E3-F21C1FBA2618}.Release|x86.Build.0 = Release|Win32
	EndGlobalSection
	GlobalSection(SolutionProperties) = preSolution
		HideSolutionNode = FALSE
	EndGlobalSection
	GlobalSection(NestedProjects) = preSolution
		{5B04709F-C7E3-EE3A-D0FB-79113C5A559C} = {53E47842-3FC8-3998-A828-34EB942B241A}
		{211395E2-0DB5-BFB8-F66F-D30CE2B04609} = {53E47842-3FC8-3998-A828-34EB942B241A}
		{B8AE9F0E-24C3-C7BF-ED44-6B1F5918C4F0} = {53E47842-3FC8-3998-A828-34EB942B241A}
		{8EAD431C-7A4F-6EF2-630A-82464F4BF542} = {53E47842-3FC8-3998-A828-34EB942B241A}
	EndGlobalSection
	GlobalSection(ExtensibilityGlobals) = postSolution
		SolutionGuid = {4ABD0381-26A6-4974-9217-CE14B0DADB6F}
	EndGlobalSection
EndGlobal
